dependencies:
  espressif/mdns:
    component_hash: d6665090cf41eb399c184aab6f34234251a773e052fb53ca044dcb576264c646
    source:
      service_url: https://api.components.espressif.com/
      type: service
    version: 1.2.1
  idf:
    component_hash: null
    source:
      type: idf
    version: 5.1.1
manifest_hash: 5f94b78d303dce95c13fd0affc9ac8d8765b961abbbf8fc0f3d4d31337d59483
target: esp32
version: 1.0.0
